
Microsoft Visual Studio Solution File, Format Version 12.00
# Visual Studio Version 16
VisualStudioVersion = 16.0.29306.81
MinimumVisualStudioVersion = 10.0.40219.1
Project("{888888A0-9F3D-457C-B088-3A5042F75D52}") = "PhotonFileEditor", "PhotonFileEditor.pyproj", "{E73A812D-A6DD-4DD2-A502-8393AB6EC85F}"
EndProject
Project("{2150E333-8FDC-42A3-9474-1A3956D46DE8}") = "Solution Items", "Solution Items", "{3C914B33-B360-4BDC-A8E7-43D686E1E370}"
EndProject
Project("{8BC9CEB8-8B4A-11D0-8D11-00A0C91BC942}") = "support_generator", "support_generator\support_generator\support_generator.vcxproj", "{354A0294-69B7-4148-925F-78F80CB26CAC}"
EndProject
Global
	GlobalSection(SolutionConfigurationPlatforms) = preSolution
		Debug|Any CPU = Debug|Any CPU
		Debug|x64 = Debug|x64
		Debug|x86 = Debug|x86
		Release|Any CPU = Release|Any CPU
		Release|x64 = Release|x64
		Release|x86 = Release|x86
	EndGlobalSection
	GlobalSection(ProjectConfigurationPlatforms) = postSolution
		{E73A812D-A6DD-4DD2-A502-8393AB6EC85F}.Debug|Any CPU.ActiveCfg = Debug|Any CPU
		{E73A812D-A6DD-4DD2-A502-8393AB6EC85F}.Debug|x64.ActiveCfg = Debug|Any CPU
		{E73A812D-A6DD-4DD2-A502-8393AB6EC85F}.Debug|x86.ActiveCfg = Debug|Any CPU
		{E73A812D-A6DD-4DD2-A502-8393AB6EC85F}.Release|Any CPU.ActiveCfg = Release|Any CPU
		{E73A812D-A6DD-4DD2-A502-8393AB6EC85F}.Release|x64.ActiveCfg = Release|Any CPU
		{E73A812D-A6DD-4DD2-A502-8393AB6EC85F}.Release|x86.ActiveCfg = Release|Any CPU
		{354A0294-69B7-4148-925F-78F80CB26CAC}.Debug|Any CPU.ActiveCfg = Debug|Win32
		{354A0294-69B7-4148-925F-78F80CB26CAC}.Debug|x64.ActiveCfg = Debug|x64
		{354A0294-69B7-4148-925F-78F80CB26CAC}.Debug|x64.Build.0 = Debug|x64
		{354A0294-69B7-4148-925F-78F80CB26CAC}.Debug|x86.ActiveCfg = Debug|Win32
		{354A0294-69B7-4148-925F-78F80CB26CAC}.Debug|x86.Build.0 = Debug|Win32
		{354A0294-69B7-4148-925F-78F80CB26CAC}.Release|Any CPU.ActiveCfg = Release|Win32
		{354A0294-69B7-4148-925F-78F80CB26CAC}.Release|x64.ActiveCfg = Release|x64
		{354A0294-69B7-4148-925F-78F80CB26CAC}.Release|x64.Build.0 = Release|x64
		{354A0294-69B7-4148-925F-78F80CB26CAC}.Release|x86.ActiveCfg = Release|Win32
		{354A0294-69B7-4148-925F-78F80CB26CAC}.Release|x86.Build.0 = Release|Win32
	EndGlobalSection
	GlobalSection(SolutionProperties) = preSolution
		HideSolutionNode = FALSE
	EndGlobalSection
	GlobalSection(ExtensibilityGlobals) = postSolution
		SolutionGuid = {7DC2DD78-EBE9-4CE9-BFD6-69139647420C}
	EndGlobalSection
EndGlobal
